// !$*UTF8*$!
{
	archiveVersion = 1;
	classes = {
	};
	objectVersion = 56;
	objects = {

/* Begin PBXBuildFile section */
		1A4DC3D92AF14BD5000F6254 /* Photos.framework in Frameworks */ = {isa = PBXBuildFile; fileRef = 1A4DC3D82AF14BD5000F6254 /* Photos.framework */; };
		1A51128B2ADB8282009AD86A /* AppDelegate.m in Sources */ = {isa = PBXBuildFile; fileRef = 1A51128A2ADB8282009AD86A /* AppDelegate.m */; };
		1A51128E2ADB8282009AD86A /* SceneDelegate.m in Sources */ = {isa = PBXBuildFile; fileRef = 1A51128D2ADB8282009AD86A /* SceneDelegate.m */; };
		1A5112912ADB8282009AD86A /* MainViewController.m in Sources */ = {isa = PBXBuildFile; fileRef = 1A5112902ADB8282009AD86A /* MainViewController.m */; };
		1A5112962ADB8284009AD86A /* Assets.xcassets in Resources */ = {isa = PBXBuildFile; fileRef = 1A5112952ADB8284009AD86A /* Assets.xcassets */; };
		1A5112992ADB8284009AD86A /* LaunchScreen.storyboard in Resources */ = {isa = PBXBuildFile; fileRef = 1A5112972ADB8284009AD86A /* LaunchScreen.storyboard */; };
		1A5112A32ADB8600009AD86A /* main.m in Sources */ = {isa = PBXBuildFile; fileRef = 1A5112A22ADB8600009AD86A /* main.m */; };
		1A5112DA2ADBBA91009AD86A /* CollectionViewCell.m in Sources */ = {isa = PBXBuildFile; fileRef = 1A5112D92ADBBA91009AD86A /* CollectionViewCell.m */; };
		1A5112DD2ADBCA24009AD86A /* CollectionViewDataSource.m in Sources */ = {isa = PBXBuildFile; fileRef = 1A5112DC2ADBCA24009AD86A /* CollectionViewDataSource.m */; };
		1A5112E02ADBCD6B009AD86A /* CollectionViewDelegate.m in Sources */ = {isa = PBXBuildFile; fileRef = 1A5112DF2ADBCD6B009AD86A /* CollectionViewDelegate.m */; };
		1A5112E32ADBCF6F009AD86A /* CollectionViewFlowLayout.m in Sources */ = {isa = PBXBuildFile; fileRef = 1A5112E22ADBCF6F009AD86A /* CollectionViewFlowLayout.m */; };
		1A5112EC2ADBD69D009AD86A /* CollectionView.m in Sources */ = {isa = PBXBuildFile; fileRef = 1A5112EB2ADBD69D009AD86A /* CollectionView.m */; };
		1A5112F72ADC20D3009AD86A /* SDWebImage in Frameworks */ = {isa = PBXBuildFile; productRef = 1A5112F62ADC20D3009AD86A /* SDWebImage */; };
		1A5112F92ADC20D3009AD86A /* SDWebImageMapKit in Frameworks */ = {isa = PBXBuildFile; productRef = 1A5112F82ADC20D3009AD86A /* SDWebImageMapKit */; };
		1A5113042AE014B8009AD86A /* AFNetworking in Frameworks */ = {isa = PBXBuildFile; productRef = 1A5113032AE014B8009AD86A /* AFNetworking */; };
		1A51130B2AE2AC56009AD86A /* ImageResponse.m in Sources */ = {isa = PBXBuildFile; fileRef = 1A51130A2AE2AC56009AD86A /* ImageResponse.m */; };
		1A51130E2AE2AD4E009AD86A /* MainViewModel.m in Sources */ = {isa = PBXBuildFile; fileRef = 1A51130D2AE2AD4E009AD86A /* MainViewModel.m */; };
		1A5113122AE2C3A2009AD86A /* DetailViewController.m in Sources */ = {isa = PBXBuildFile; fileRef = 1A5113112AE2C3A2009AD86A /* DetailViewController.m */; };
/* End PBXBuildFile section */

/* Begin PBXFileReference section */
		1A4DC3D82AF14BD5000F6254 /* Photos.framework */ = {isa = PBXFileReference; lastKnownFileType = wrapper.framework; name = Photos.framework; path = System/Library/Frameworks/Photos.framework; sourceTree = SDKROOT; };
		1A5112862ADB8282009AD86A /* Gallery_by_Objective-C.app */ = {isa = PBXFileReference; explicitFileType = wrapper.application; includeInIndex = 0; path = "Gallery_by_Objective-C.app"; sourceTree = BUILT_PRODUCTS_DIR; };
		1A5112892ADB8282009AD86A /* AppDelegate.h */ = {isa = PBXFileReference; lastKnownFileType = sourcecode.c.h; path = AppDelegate.h; sourceTree = "<group>"; };
		1A51128A2ADB8282009AD86A /* AppDelegate.m */ = {isa = PBXFileReference; lastKnownFileType = sourcecode.c.objc; path = AppDelegate.m; sourceTree = "<group>"; };
		1A51128C2ADB8282009AD86A /* SceneDelegate.h */ = {isa = PBXFileReference; lastKnownFileType = sourcecode.c.h; path = SceneDelegate.h; sourceTree = "<group>"; };
		1A51128D2ADB8282009AD86A /* SceneDelegate.m */ = {isa = PBXFileReference; lastKnownFileType = sourcecode.c.objc; path = SceneDelegate.m; sourceTree = "<group>"; };
		1A51128F2ADB8282009AD86A /* MainViewController.h */ = {isa = PBXFileReference; lastKnownFileType = sourcecode.c.h; path = MainViewController.h; sourceTree = "<group>"; };
		1A5112902ADB8282009AD86A /* MainViewController.m */ = {isa = PBXFileReference; lastKnownFileType = sourcecode.c.objc; path = MainViewController.m; sourceTree = "<group>"; };
		1A5112952ADB8284009AD86A /* Assets.xcassets */ = {isa = PBXFileReference; lastKnownFileType = folder.assetcatalog; path = Assets.xcassets; sourceTree = "<group>"; };
		1A5112982ADB8284009AD86A /* Base */ = {isa = PBXFileReference; lastKnownFileType = file.storyboard; name = Base; path = Base.lproj/LaunchScreen.storyboard; sourceTree = "<group>"; };
		1A51129A2ADB8284009AD86A /* Info.plist */ = {isa = PBXFileReference; lastKnownFileType = text.plist.xml; path = Info.plist; sourceTree = "<group>"; };
		1A5112A22ADB8600009AD86A /* main.m */ = {isa = PBXFileReference; fileEncoding = 4; lastKnownFileType = sourcecode.c.objc; path = main.m; sourceTree = "<group>"; };
		1A5112D82ADBBA91009AD86A /* CollectionViewCell.h */ = {isa = PBXFileReference; lastKnownFileType = sourcecode.c.h; path = CollectionViewCell.h; sourceTree = "<group>"; };
		1A5112D92ADBBA91009AD86A /* CollectionViewCell.m */ = {isa = PBXFileReference; lastKnownFileType = sourcecode.c.objc; path = CollectionViewCell.m; sourceTree = "<group>"; };
		1A5112DB2ADBCA24009AD86A /* CollectionViewDataSource.h */ = {isa = PBXFileReference; lastKnownFileType = sourcecode.c.h; path = CollectionViewDataSource.h; sourceTree = "<group>"; };
		1A5112DC2ADBCA24009AD86A /* CollectionViewDataSource.m */ = {isa = PBXFileReference; lastKnownFileType = sourcecode.c.objc; path = CollectionViewDataSource.m; sourceTree = "<group>"; };
		1A5112DE2ADBCD6B009AD86A /* CollectionViewDelegate.h */ = {isa = PBXFileReference; lastKnownFileType = sourcecode.c.h; path = CollectionViewDelegate.h; sourceTree = "<group>"; };
		1A5112DF2ADBCD6B009AD86A /* CollectionViewDelegate.m */ = {isa = PBXFileReference; lastKnownFileType = sourcecode.c.objc; path = CollectionViewDelegate.m; sourceTree = "<group>"; };
		1A5112E12ADBCF6F009AD86A /* CollectionViewFlowLayout.h */ = {isa = PBXFileReference; lastKnownFileType = sourcecode.c.h; path = CollectionViewFlowLayout.h; sourceTree = "<group>"; };
		1A5112E22ADBCF6F009AD86A /* CollectionViewFlowLayout.m */ = {isa = PBXFileReference; lastKnownFileType = sourcecode.c.objc; path = CollectionViewFlowLayout.m; sourceTree = "<group>"; };
		1A5112EA2ADBD69D009AD86A /* CollectionView.h */ = {isa = PBXFileReference; lastKnownFileType = sourcecode.c.h; path = CollectionView.h; sourceTree = "<group>"; };
		1A5112EB2ADBD69D009AD86A /* CollectionView.m */ = {isa = PBXFileReference; lastKnownFileType = sourcecode.c.objc; path = CollectionView.m; sourceTree = "<group>"; };
		1A5113092AE2AC56009AD86A /* ImageResponse.h */ = {isa = PBXFileReference; lastKnownFileType = sourcecode.c.h; path = ImageResponse.h; sourceTree = "<group>"; };
		1A51130A2AE2AC56009AD86A /* ImageResponse.m */ = {isa = PBXFileReference; lastKnownFileType = sourcecode.c.objc; path = ImageResponse.m; sourceTree = "<group>"; };
		1A51130C2AE2AD4E009AD86A /* MainViewModel.h */ = {isa = PBXFileReference; lastKnownFileType = sourcecode.c.h; path = MainViewModel.h; sourceTree = "<group>"; };
		1A51130D2AE2AD4E009AD86A /* MainViewModel.m */ = {isa = PBXFileReference; lastKnownFileType = sourcecode.c.objc; path = MainViewModel.m; sourceTree = "<group>"; };
		1A5113102AE2C3A2009AD86A /* DetailViewController.h */ = {isa = PBXFileReference; lastKnownFileType = sourcecode.c.h; path = DetailViewController.h; sourceTree = "<group>"; };
		1A5113112AE2C3A2009AD86A /* DetailViewController.m */ = {isa = PBXFileReference; lastKnownFileType = sourcecode.c.objc; path = DetailViewController.m; sourceTree = "<group>"; };
/* End PBXFileReference section */

/* Begin PBXFrameworksBuildPhase section */
		1A5112832ADB8282009AD86A /* Frameworks */ = {
			isa = PBXFrameworksBuildPhase;
			buildActionMask = 2147483647;
			files = (
				1A5112F92ADC20D3009AD86A /* SDWebImageMapKit in Frameworks */,
				1A4DC3D92AF14BD5000F6254 /* Photos.framework in Frameworks */,
				1A5112F72ADC20D3009AD86A /* SDWebImage in Frameworks */,
				1A5113042AE014B8009AD86A /* AFNetworking in Frameworks */,
			);
			runOnlyForDeploymentPostprocessing = 0;
		};
/* End PBXFrameworksBuildPhase section */

/* Begin PBXGroup section */
		1A4DC3D72AF14BD5000F6254 /* Frameworks */ = {
			isa = PBXGroup;
			children = (
				1A4DC3D82AF14BD5000F6254 /* Photos.framework */,
			);
			name = Frameworks;
			sourceTree = "<group>";
		};
		1A51127D2ADB8282009AD86A = {
			isa = PBXGroup;
			children = (
				1A5112882ADB8282009AD86A /* Gallery_by_Objective-C */,
				1A5112872ADB8282009AD86A /* Products */,
				1A4DC3D72AF14BD5000F6254 /* Frameworks */,
			);
			sourceTree = "<group>";
		};
		1A5112872ADB8282009AD86A /* Products */ = {
			isa = PBXGroup;
			children = (
				1A5112862ADB8282009AD86A /* Gallery_by_Objective-C.app */,
			);
			name = Products;
			sourceTree = "<group>";
		};
		1A5112882ADB8282009AD86A /* Gallery_by_Objective-C */ = {
			isa = PBXGroup;
			children = (
				1A5112C92ADBA48B009AD86A /* Applacation */,
				1A5112FD2ADD6419009AD86A /* Services */,
				1A5112CB2ADBA4CB009AD86A /* Resouces */,
				1A5112CC2ADBA4D9009AD86A /* Screens */,
				1A5112CA2ADBA4AD009AD86A /* SupportingFiles */,
			);
			path = "Gallery_by_Objective-C";
			sourceTree = "<group>";
		};
		1A5112C92ADBA48B009AD86A /* Applacation */ = {
			isa = PBXGroup;
			children = (
				1A5112892ADB8282009AD86A /* AppDelegate.h */,
				1A51128A2ADB8282009AD86A /* AppDelegate.m */,
				1A51128C2ADB8282009AD86A /* SceneDelegate.h */,
				1A51128D2ADB8282009AD86A /* SceneDelegate.m */,
			);
			path = Applacation;
			sourceTree = "<group>";
		};
		1A5112CA2ADBA4AD009AD86A /* SupportingFiles */ = {
			isa = PBXGroup;
			children = (
				1A5112972ADB8284009AD86A /* LaunchScreen.storyboard */,
				1A51129A2ADB8284009AD86A /* Info.plist */,
				1A5112A22ADB8600009AD86A /* main.m */,
			);
			path = SupportingFiles;
			sourceTree = "<group>";
		};
		1A5112CB2ADBA4CB009AD86A /* Resouces */ = {
			isa = PBXGroup;
			children = (
				1A5112952ADB8284009AD86A /* Assets.xcassets */,
			);
			path = Resouces;
			sourceTree = "<group>";
		};
		1A5112CC2ADBA4D9009AD86A /* Screens */ = {
			isa = PBXGroup;
			children = (
				1A5112CD2ADBA4E3009AD86A /* MainScreen */,
				1A5112CE2ADBA4F2009AD86A /* DetailScreen */,
			);
			path = Screens;
			sourceTree = "<group>";
		};
		1A5112CD2ADBA4E3009AD86A /* MainScreen */ = {
			isa = PBXGroup;
			children = (
				1A5113052AE2AB5A009AD86A /* Model */,
				1A5112D02ADBA68B009AD86A /* View */,
				1A5112CF2ADBA67A009AD86A /* Conreoller */,
			);
			path = MainScreen;
			sourceTree = "<group>";
		};
		1A5112CE2ADBA4F2009AD86A /* DetailScreen */ = {
			isa = PBXGroup;
			children = (
				1A51130F2AE2C36F009AD86A /* Controller */,
			);
			path = DetailScreen;
			sourceTree = "<group>";
		};
		1A5112CF2ADBA67A009AD86A /* Conreoller */ = {
			isa = PBXGroup;
			children = (
				1A51128F2ADB8282009AD86A /* MainViewController.h */,
				1A5112902ADB8282009AD86A /* MainViewController.m */,
				1A51130C2AE2AD4E009AD86A /* MainViewModel.h */,
				1A51130D2AE2AD4E009AD86A /* MainViewModel.m */,
			);
			path = Conreoller;
			sourceTree = "<group>";
		};
		1A5112D02ADBA68B009AD86A /* View */ = {
			isa = PBXGroup;
			children = (
				1A5112D12ADBA6A7009AD86A /* CollectionView */,
			);
			path = View;
			sourceTree = "<group>";
		};
		1A5112D12ADBA6A7009AD86A /* CollectionView */ = {
			isa = PBXGroup;
			children = (
				1A5112E92ADBD661009AD86A /* Collection */,
				1A5112E52ADBD607009AD86A /* CollectionCell */,
				1A5112E62ADBD621009AD86A /* CollectionDataSource */,
				1A5112E72ADBD635009AD86A /* CollectionDelegate */,
				1A5112E82ADBD64A009AD86A /* CollectionLayout */,
			);
			path = CollectionView;
			sourceTree = "<group>";
		};
		1A5112E52ADBD607009AD86A /* CollectionCell */ = {
			isa = PBXGroup;
			children = (
				1A5112D82ADBBA91009AD86A /* CollectionViewCell.h */,
				1A5112D92ADBBA91009AD86A /* CollectionViewCell.m */,
			);
			path = CollectionCell;
			sourceTree = "<group>";
		};
		1A5112E62ADBD621009AD86A /* CollectionDataSource */ = {
			isa = PBXGroup;
			children = (
				1A5112DB2ADBCA24009AD86A /* CollectionViewDataSource.h */,
				1A5112DC2ADBCA24009AD86A /* CollectionViewDataSource.m */,
			);
			path = CollectionDataSource;
			sourceTree = "<group>";
		};
		1A5112E72ADBD635009AD86A /* CollectionDelegate */ = {
			isa = PBXGroup;
			children = (
				1A5112DE2ADBCD6B009AD86A /* CollectionViewDelegate.h */,
				1A5112DF2ADBCD6B009AD86A /* CollectionViewDelegate.m */,
			);
			path = CollectionDelegate;
			sourceTree = "<group>";
		};
		1A5112E82ADBD64A009AD86A /* CollectionLayout */ = {
			isa = PBXGroup;
			children = (
				1A5112E12ADBCF6F009AD86A /* CollectionViewFlowLayout.h */,
				1A5112E22ADBCF6F009AD86A /* CollectionViewFlowLayout.m */,
			);
			path = CollectionLayout;
			sourceTree = "<group>";
		};
		1A5112E92ADBD661009AD86A /* Collection */ = {
			isa = PBXGroup;
			children = (
				1A5112EA2ADBD69D009AD86A /* CollectionView.h */,
				1A5112EB2ADBD69D009AD86A /* CollectionView.m */,
			);
			path = Collection;
			sourceTree = "<group>";
		};
		1A5112FD2ADD6419009AD86A /* Services */ = {
			isa = PBXGroup;
			children = (
				1A5112FE2ADD642C009AD86A /* NetworkService */,
			);
			path = Services;
			sourceTree = "<group>";
		};
		1A5112FE2ADD642C009AD86A /* NetworkService */ = {
			isa = PBXGroup;
			children = (
			);
			path = NetworkService;
			sourceTree = "<group>";
		};
		1A5113052AE2AB5A009AD86A /* Model */ = {
			isa = PBXGroup;
			children = (
				1A5113092AE2AC56009AD86A /* ImageResponse.h */,
				1A51130A2AE2AC56009AD86A /* ImageResponse.m */,
			);
			path = Model;
			sourceTree = "<group>";
		};
		1A51130F2AE2C36F009AD86A /* Controller */ = {
			isa = PBXGroup;
			children = (
				1A5113102AE2C3A2009AD86A /* DetailViewController.h */,
				1A5113112AE2C3A2009AD86A /* DetailViewController.m */,
			);
			path = Controller;
			sourceTree = "<group>";
		};
/* End PBXGroup section */

/* Begin PBXNativeTarget section */
		1A5112852ADB8282009AD86A /* Gallery_by_Objective-C */ = {
			isa = PBXNativeTarget;
			buildConfigurationList = 1A51129F2ADB8284009AD86A /* Build configuration list for PBXNativeTarget "Gallery_by_Objective-C" */;
			buildPhases = (
				1A5112822ADB8282009AD86A /* Sources */,
				1A5112832ADB8282009AD86A /* Frameworks */,
				1A5112842ADB8282009AD86A /* Resources */,
			);
			buildRules = (
			);
			dependencies = (
			);
			name = "Gallery_by_Objective-C";
			packageProductDependencies = (
				1A5112F62ADC20D3009AD86A /* SDWebImage */,
				1A5112F82ADC20D3009AD86A /* SDWebImageMapKit */,
				1A5113032AE014B8009AD86A /* AFNetworking */,
			);
			productName = "Gallery_by_Objective-C";
			productReference = 1A5112862ADB8282009AD86A /* Gallery_by_Objective-C.app */;
			productType = "com.apple.product-type.application";
		};
/* End PBXNativeTarget section */

/* Begin PBXProject section */
		1A51127E2ADB8282009AD86A /* Project object */ = {
			isa = PBXProject;
			attributes = {
				BuildIndependentTargetsInParallel = 1;
				LastUpgradeCheck = 1500;
				TargetAttributes = {
					1A5112852ADB8282009AD86A = {
						CreatedOnToolsVersion = 15.0;
					};
				};
			};
			buildConfigurationList = 1A5112812ADB8282009AD86A /* Build configuration list for PBXProject "Gallery_by_Objective-C" */;
			compatibilityVersion = "Xcode 14.0";
			developmentRegion = en;
			hasScannedForEncodings = 0;
			knownRegions = (
				en,
				Base,
			);
			mainGroup = 1A51127D2ADB8282009AD86A;
			packageReferences = (
				1A5112F52ADC20D3009AD86A /* XCRemoteSwiftPackageReference "SDWebImage" */,
				1A5113022AE014B8009AD86A /* XCRemoteSwiftPackageReference "AFNetworking" */,
			);
			productRefGroup = 1A5112872ADB8282009AD86A /* Products */;
			projectDirPath = "";
			projectRoot = "";
			targets = (
				1A5112852ADB8282009AD86A /* Gallery_by_Objective-C */,
			);
		};
/* End PBXProject section */

/* Begin PBXResourcesBuildPhase section */
		1A5112842ADB8282009AD86A /* Resources */ = {
			isa = PBXResourcesBuildPhase;
			buildActionMask = 2147483647;
			files = (
				1A5112992ADB8284009AD86A /* LaunchScreen.storyboard in Resources */,
				1A5112962ADB8284009AD86A /* Assets.xcassets in Resources */,
			);
			runOnlyForDeploymentPostprocessing = 0;
		};
/* End PBXResourcesBuildPhase section */

/* Begin PBXSourcesBuildPhase section */
		1A5112822ADB8282009AD86A /* Sources */ = {
			isa = PBXSourcesBuildPhase;
			buildActionMask = 2147483647;
			files = (
				1A5112EC2ADBD69D009AD86A /* CollectionView.m in Sources */,
				1A5112912ADB8282009AD86A /* MainViewController.m in Sources */,
				1A5112E02ADBCD6B009AD86A /* CollectionViewDelegate.m in Sources */,
				1A5112E32ADBCF6F009AD86A /* CollectionViewFlowLayout.m in Sources */,
				1A5112DD2ADBCA24009AD86A /* CollectionViewDataSource.m in Sources */,
				1A5112DA2ADBBA91009AD86A /* CollectionViewCell.m in Sources */,
				1A51130E2AE2AD4E009AD86A /* MainViewModel.m in Sources */,
				1A51128B2ADB8282009AD86A /* AppDelegate.m in Sources */,
				1A5112A32ADB8600009AD86A /* main.m in Sources */,
				1A51130B2AE2AC56009AD86A /* ImageResponse.m in Sources */,
				1A51128E2ADB8282009AD86A /* SceneDelegate.m in Sources */,
				1A5113122AE2C3A2009AD86A /* DetailViewController.m in Sources */,
			);
			runOnlyForDeploymentPostprocessing = 0;
		};
/* End PBXSourcesBuildPhase section */

/* Begin PBXVariantGroup section */
		1A5112972ADB8284009AD86A /* LaunchScreen.storyboard */ = {
			isa = PBXVariantGroup;
			children = (
				1A5112982ADB8284009AD86A /* Base */,
			);
			name = LaunchScreen.storyboard;
			sourceTree = "<group>";
		};
/* End PBXVariantGroup section */

/* Begin XCBuildConfiguration section */
		1A51129D2ADB8284009AD86A /* Debug */ = {
			isa = XCBuildConfiguration;
			buildSettings = {
				ALWAYS_SEARCH_USER_PATHS = NO;
				ASSETCATALOG_COMPILER_GENERATE_SWIFT_ASSET_SYMBOL_EXTENSIONS = YES;
				CLANG_ANALYZER_NONNULL = YES;
				CLANG_ANALYZER_NUMBER_OBJECT_CONVERSION = YES_AGGRESSIVE;
				CLANG_CXX_LANGUAGE_STANDARD = "gnu++20";
				CLANG_ENABLE_MODULES = YES;
				CLANG_ENABLE_OBJC_ARC = YES;
				CLANG_ENABLE_OBJC_WEAK = YES;
				CLANG_WARN_BLOCK_CAPTURE_AUTORELEASING = YES;
				CLANG_WARN_BOOL_CONVERSION = YES;
				CLANG_WARN_COMMA = YES;
				CLANG_WARN_CONSTANT_CONVERSION = YES;
				CLANG_WARN_DEPRECATED_OBJC_IMPLEMENTATIONS = YES;
				CLANG_WARN_DIRECT_OBJC_ISA_USAGE = YES_ERROR;
				CLANG_WARN_DOCUMENTATION_COMMENTS = YES;
				CLANG_WARN_EMPTY_BODY = YES;
				CLANG_WARN_ENUM_CONVERSION = YES;
				CLANG_WARN_INFINITE_RECURSION = YES;
				CLANG_WARN_INT_CONVERSION = YES;
				CLANG_WARN_NON_LITERAL_NULL_CONVERSION = YES;
				CLANG_WARN_OBJC_IMPLICIT_RETAIN_SELF = YES;
				CLANG_WARN_OBJC_LITERAL_CONVERSION = YES;
				CLANG_WARN_OBJC_ROOT_CLASS = YES_ERROR;
				CLANG_WARN_QUOTED_INCLUDE_IN_FRAMEWORK_HEADER = YES;
				CLANG_WARN_RANGE_LOOP_ANALYSIS = YES;
				CLANG_WARN_STRICT_PROTOTYPES = YES;
				CLANG_WARN_SUSPICIOUS_MOVE = YES;
				CLANG_WARN_UNGUARDED_AVAILABILITY = YES_AGGRESSIVE;
				CLANG_WARN_UNREACHABLE_CODE = YES;
				CLANG_WARN__DUPLICATE_METHOD_MATCH = YES;
				COPY_PHASE_STRIP = NO;
				DEBUG_INFORMATION_FORMAT = dwarf;
				ENABLE_STRICT_OBJC_MSGSEND = YES;
				ENABLE_TESTABILITY = YES;
				ENABLE_USER_SCRIPT_SANDBOXING = YES;
				GCC_C_LANGUAGE_STANDARD = gnu17;
				GCC_DYNAMIC_NO_PIC = NO;
				GCC_NO_COMMON_BLOCKS = YES;
				GCC_OPTIMIZATION_LEVEL = 0;
				GCC_PREPROCESSOR_DEFINITIONS = (
					"DEBUG=1",
					"$(inherited)",
				);
				GCC_WARN_64_TO_32_BIT_CONVERSION = YES;
				GCC_WARN_ABOUT_RETURN_TYPE = YES_ERROR;
				GCC_WARN_UNDECLARED_SELECTOR = YES;
				GCC_WARN_UNINITIALIZED_AUTOS = YES_AGGRESSIVE;
				GCC_WARN_UNUSED_FUNCTION = YES;
				GCC_WARN_UNUSED_VARIABLE = YES;
				INFOPLIST_FILE = "";
				IPHONEOS_DEPLOYMENT_TARGET = 15.0;
				LOCALIZATION_PREFERS_STRING_CATALOGS = YES;
				MTL_ENABLE_DEBUG_INFO = INCLUDE_SOURCE;
				MTL_FAST_MATH = YES;
				ONLY_ACTIVE_ARCH = YES;
				SDKROOT = iphoneos;
			};
			name = Debug;
		};
		1A51129E2ADB8284009AD86A /* Release */ = {
			isa = XCBuildConfiguration;
			buildSettings = {
				ALWAYS_SEARCH_USER_PATHS = NO;
				ASSETCATALOG_COMPILER_GENERATE_SWIFT_ASSET_SYMBOL_EXTENSIONS = YES;
				CLANG_ANALYZER_NONNULL = YES;
				CLANG_ANALYZER_NUMBER_OBJECT_CONVERSION = YES_AGGRESSIVE;
				CLANG_CXX_LANGUAGE_STANDARD = "gnu++20";
				CLANG_ENABLE_MODULES = YES;
				CLANG_ENABLE_OBJC_ARC = YES;
				CLANG_ENABLE_OBJC_WEAK = YES;
				CLANG_WARN_BLOCK_CAPTURE_AUTORELEASING = YES;
				CLANG_WARN_BOOL_CONVERSION = YES;
				CLANG_WARN_COMMA = YES;
				CLANG_WARN_CONSTANT_CONVERSION = YES;
				CLANG_WARN_DEPRECATED_OBJC_IMPLEMENTATIONS = YES;
				CLANG_WARN_DIRECT_OBJC_ISA_USAGE = YES_ERROR;
				CLANG_WARN_DOCUMENTATION_COMMENTS = YES;
				CLANG_WARN_EMPTY_BODY = YES;
				CLANG_WARN_ENUM_CONVERSION = YES;
				CLANG_WARN_INFINITE_RECURSION = YES;
				CLANG_WARN_INT_CONVERSION = YES;
				CLANG_WARN_NON_LITERAL_NULL_CONVERSION = YES;
				CLANG_WARN_OBJC_IMPLICIT_RETAIN_SELF = YES;
				CLANG_WARN_OBJC_LITERAL_CONVERSION = YES;
				CLANG_WARN_OBJC_ROOT_CLASS = YES_ERROR;
				CLANG_WARN_QUOTED_INCLUDE_IN_FRAMEWORK_HEADER = YES;
				CLANG_WARN_RANGE_LOOP_ANALYSIS = YES;
				CLANG_WARN_STRICT_PROTOTYPES = YES;
				CLANG_WARN_SUSPICIOUS_MOVE = YES;
				CLANG_WARN_UNGUARDED_AVAILABILITY = YES_AGGRESSIVE;
				CLANG_WARN_UNREACHABLE_CODE = YES;
				CLANG_WARN__DUPLICATE_METHOD_MATCH = YES;
				COPY_PHASE_STRIP = NO;
				DEBUG_INFORMATION_FORMAT = "dwarf-with-dsym";
				ENABLE_NS_ASSERTIONS = NO;
				ENABLE_STRICT_OBJC_MSGSEND = YES;
				ENABLE_USER_SCRIPT_SANDBOXING = YES;
				GCC_C_LANGUAGE_STANDARD = gnu17;
				GCC_NO_COMMON_BLOCKS = YES;
				GCC_WARN_64_TO_32_BIT_CONVERSION = YES;
				GCC_WARN_ABOUT_RETURN_TYPE = YES_ERROR;
				GCC_WARN_UNDECLARED_SELECTOR = YES;
				GCC_WARN_UNINITIALIZED_AUTOS = YES_AGGRESSIVE;
				GCC_WARN_UNUSED_FUNCTION = YES;
				GCC_WARN_UNUSED_VARIABLE = YES;
				INFOPLIST_FILE = "";
				IPHONEOS_DEPLOYMENT_TARGET = 15.0;
				LOCALIZATION_PREFERS_STRING_CATALOGS = YES;
				MTL_ENABLE_DEBUG_INFO = NO;
				MTL_FAST_MATH = YES;
				SDKROOT = iphoneos;
				VALIDATE_PRODUCT = YES;
			};
			name = Release;
		};
		1A5112A02ADB8284009AD86A /* Debug */ = {
			isa = XCBuildConfiguration;
			buildSettings = {
				ASSETCATALOG_COMPILER_APPICON_NAME = AppIcon;
				ASSETCATALOG_COMPILER_GLOBAL_ACCENT_COLOR_NAME = AccentColor;
				CODE_SIGN_STYLE = Automatic;
				CURRENT_PROJECT_VERSION = 1;
				GENERATE_INFOPLIST_FILE = YES;
				INFOPLIST_FILE = "Gallery_by_Objective-C/SupportingFiles/Info.plist";
				INFOPLIST_KEY_UIApplicationSupportsIndirectInputEvents = YES;
				INFOPLIST_KEY_UILaunchStoryboardName = LaunchScreen;
				INFOPLIST_KEY_UISupportedInterfaceOrientations_iPad = "UIInterfaceOrientationPortrait UIInterfaceOrientationPortraitUpsideDown UIInterfaceOrientationLandscapeLeft UIInterfaceOrientationLandscapeRight";
				INFOPLIST_KEY_UISupportedInterfaceOrientations_iPhone = "UIInterfaceOrientationPortrait UIInterfaceOrientationLandscapeLeft UIInterfaceOrientationLandscapeRight";
				LD_RUNPATH_SEARCH_PATHS = (
					"$(inherited)",
					"@executable_path/Frameworks",
				);
				MARKETING_VERSION = 1.0;
				PRODUCT_BUNDLE_IDENTIFIER = "com.Tarasenko.Gallery-by-Objective-C";
				PRODUCT_NAME = "$(TARGET_NAME)";
				SWIFT_EMIT_LOC_STRINGS = YES;
				TARGETED_DEVICE_FAMILY = "1,2";
			};
			name = Debug;
		};
		1A5112A12ADB8284009AD86A /* Release */ = {
			isa = XCBuildConfiguration;
			buildSettings = {
				ASSETCATALOG_COMPILER_APPICON_NAME = AppIcon;
				ASSETCATALOG_COMPILER_GLOBAL_ACCENT_COLOR_NAME = AccentColor;
				CODE_SIGN_STYLE = Automatic;
				CURRENT_PROJECT_VERSION = 1;
				GENERATE_INFOPLIST_FILE = YES;
				INFOPLIST_FILE = "Gallery_by_Objective-C/SupportingFiles/Info.plist";
				INFOPLIST_KEY_UIApplicationSupportsIndirectInputEvents = YES;
				INFOPLIST_KEY_UILaunchStoryboardName = LaunchScreen;
				INFOPLIST_KEY_UISupportedInterfaceOrientations_iPad = "UIInterfaceOrientationPortrait UIInterfaceOrientationPortraitUpsideDown UIInterfaceOrientationLandscapeLeft UIInterfaceOrientationLandscapeRight";
				INFOPLIST_KEY_UISupportedInterfaceOrientations_iPhone = "UIInterfaceOrientationPortrait UIInterfaceOrientationLandscapeLeft UIInterfaceOrientationLandscapeRight";
				LD_RUNPATH_SEARCH_PATHS = (
					"$(inherited)",
					"@executable_path/Frameworks",
				);
				MARKETING_VERSION = 1.0;
				PRODUCT_BUNDLE_IDENTIFIER = "com.Tarasenko.Gallery-by-Objective-C";
				PRODUCT_NAME = "$(TARGET_NAME)";
				SWIFT_EMIT_LOC_STRINGS = YES;
				TARGETED_DEVICE_FAMILY = "1,2";
			};
			name = Release;
		};
/* End XCBuildConfiguration section */

/* Begin XCConfigurationList section */
		1A5112812ADB8282009AD86A /* Build configuration list for PBXProject "Gallery_by_Objective-C" */ = {
			isa = XCConfigurationList;
			buildConfigurations = (
				1A51129D2ADB8284009AD86A /* Debug */,
				1A51129E2ADB8284009AD86A /* Release */,
			);
			defaultConfigurationIsVisible = 0;
			defaultConfigurationName = Release;
		};
		1A51129F2ADB8284009AD86A /* Build configuration list for PBXNativeTarget "Gallery_by_Objective-C" */ = {
			isa = XCConfigurationList;
			buildConfigurations = (
				1A5112A02ADB8284009AD86A /* Debug */,
				1A5112A12ADB8284009AD86A /* Release */,
			);
			defaultConfigurationIsVisible = 0;
			defaultConfigurationName = Release;
		};
/* End XCConfigurationList section */

/* Begin XCRemoteSwiftPackageReference section */
		1A5112F52ADC20D3009AD86A /* XCRemoteSwiftPackageReference "SDWebImage" */ = {
			isa = XCRemoteSwiftPackageReference;
			repositoryURL = "https://github.com/SDWebImage/SDWebImage.git";
			requirement = {
				kind = upToNextMajorVersion;
				minimumVersion = 5.18.3;
			};
		};
		1A5113022AE014B8009AD86A /* XCRemoteSwiftPackageReference "AFNetworking" */ = {
			isa = XCRemoteSwiftPackageReference;
			repositoryURL = "https://github.com/AFNetworking/AFNetworking.git";
			requirement = {
				kind = upToNextMajorVersion;
				minimumVersion = 4.0.1;
			};
		};
/* End XCRemoteSwiftPackageReference section */

/* Begin XCSwiftPackageProductDependency section */
		1A5112F62ADC20D3009AD86A /* SDWebImage */ = {
			isa = XCSwiftPackageProductDependency;
			package = 1A5112F52ADC20D3009AD86A /* XCRemoteSwiftPackageReference "SDWebImage" */;
			productName = SDWebImage;
		};
		1A5112F82ADC20D3009AD86A /* SDWebImageMapKit */ = {
			isa = XCSwiftPackageProductDependency;
			package = 1A5112F52ADC20D3009AD86A /* XCRemoteSwiftPackageReference "SDWebImage" */;
			productName = SDWebImageMapKit;
		};
		1A5113032AE014B8009AD86A /* AFNetworking */ = {
			isa = XCSwiftPackageProductDependency;
			package = 1A5113022AE014B8009AD86A /* XCRemoteSwiftPackageReference "AFNetworking" */;
			productName = AFNetworking;
		};
/* End XCSwiftPackageProductDependency section */
	};
	rootObject = 1A51127E2ADB8282009AD86A /* Project object */;
}
